
Microsoft Visual Studio Solution File, Format Version 12.00
# Visual Studio Version 17
VisualStudioVersion = 17.4.33205.214
MinimumVisualStudioVersion = 10.0.40219.1
Project("{9A19103F-16F7-4668-BE54-9A1E7A4F7556}") = "ShopOnline.Web", "ShopOnline.Web\ShopOnline.Web.csproj", "{84D9A897-F9B5-4115-A8BD-53B22FBDB9D8}"
EndProject
Project("{9A19103F-16F7-4668-BE54-9A1E7A4F7556}") = "ShopOnline.Api", "ShopOnline.Api\ShopOnline.Api.csproj", "{1D65A0FD-2A26-4B13-8419-B51313B9A2D0}"
EndProject
Global
	GlobalSection(SolutionConfigurationPlatforms) = preSolution
		Debug|Any CPU = Debug|Any CPU
		Release|Any CPU = Release|Any CPU
	EndGlobalSection
	GlobalSection(ProjectConfigurationPlatforms) = postSolution
		{84D9A897-F9B5-4115-A8BD-53B22FBDB9D8}.Debug|Any CPU.ActiveCfg = Debug|Any CPU
		{84D9A897-F9B5-4115-A8BD-53B22FBDB9D8}.Debug|Any CPU.Build.0 = Debug|Any CPU
		{84D9A897-F9B5-4115-A8BD-53B22FBDB9D8}.Release|Any CPU.ActiveCfg = Release|Any CPU
		{84D9A897-F9B5-4115-A8BD-53B22FBDB9D8}.Release|Any CPU.Build.0 = Release|Any CPU
		{1D65A0FD-2A26-4B13-8419-B51313B9A2D0}.Debug|Any CPU.ActiveCfg = Debug|Any CPU
		{1D65A0FD-2A26-4B13-8419-B51313B9A2D0}.Debug|Any CPU.Build.0 = Debug|Any CPU
		{1D65A0FD-2A26-4B13-8419-B51313B9A2D0}.Release|Any CPU.ActiveCfg = Release|Any CPU
		{1D65A0FD-2A26-4B13-8419-B51313B9A2D0}.Release|Any CPU.Build.0 = Release|Any CPU
	EndGlobalSection
	GlobalSection(SolutionProperties) = preSolution
		HideSolutionNode = FALSE
	EndGlobalSection
	GlobalSection(ExtensibilityGlobals) = postSolution
		SolutionGuid = {D0E03AE5-75EB-40E7-8428-075857DDD840}
	EndGlobalSection
EndGlobal
